// !$*UTF8*$!
{
	archiveVersion = 1;
	classes = {
	};
	objectVersion = 46;
	objects = {

/* Begin PBXAggregateTarget section */
		8BB93D4F1474CAA90056EC71 /* Package */ = {
			isa = PBXAggregateTarget;
			buildConfigurationList = 8BB93D521474CAA90056EC71 /* Build configuration list for PBXAggregateTarget "Package" */;
			buildPhases = (
				8BB93D561474CACB0056EC71 /* Package */,
			);
			dependencies = (
				8BB93D551474CAC00056EC71 /* PBXTargetDependency */,
			);
			name = Package;
			productName = Package;
		};
/* End PBXAggregateTarget section */

/* Begin PBXBuildFile section */
		8B182F8614D4B1740004ECA5 /* FRLocalizationManager.h in Headers */ = {isa = PBXBuildFile; fileRef = 8B182F8414D4B1740004ECA5 /* FRLocalizationManager.h */; settings = {ATTRIBUTES = (Public, ); }; };
		8B182F8714D4B1740004ECA5 /* FRLocalizationManager.m in Sources */ = {isa = PBXBuildFile; fileRef = 8B182F8514D4B1740004ECA5 /* FRLocalizationManager.m */; };
		8B18302614D4DF050004ECA5 /* FRStrings.m in Sources */ = {isa = PBXBuildFile; fileRef = 8B18302414D4DF050004ECA5 /* FRStrings.m */; };
		8B18302714D4DF050004ECA5 /* FRStrings.m in Sources */ = {isa = PBXBuildFile; fileRef = 8B18302414D4DF050004ECA5 /* FRStrings.m */; };
		8B18302814D4DF050004ECA5 /* FRStrings.m in Sources */ = {isa = PBXBuildFile; fileRef = 8B18302414D4DF050004ECA5 /* FRStrings.m */; };
		8B18302914D4DF050004ECA5 /* FRStrings.h in Headers */ = {isa = PBXBuildFile; fileRef = 8B18302514D4DF050004ECA5 /* FRStrings.h */; };
		8B18302A14D4DF050004ECA5 /* FRStrings.h in Headers */ = {isa = PBXBuildFile; fileRef = 8B18302514D4DF050004ECA5 /* FRStrings.h */; };
		8B2B99A414D347C400A40CD4 /* Cocoa.framework in Frameworks */ = {isa = PBXBuildFile; fileRef = 8BAD1E73146F11CB00E16433 /* Cocoa.framework */; };
		8B2B99C214D3485C00A40CD4 /* FRTranslator.m in Sources */ = {isa = PBXBuildFile; fileRef = 8B2B99BF14D3485C00A40CD4 /* FRTranslator.m */; };
		8B2B99C314D3485C00A40CD4 /* main.m in Sources */ = {isa = PBXBuildFile; fileRef = 8B2B99C014D3485C00A40CD4 /* main.m */; };
		8B2B99C614D3491D00A40CD4 /* MainMenu.xib in Resources */ = {isa = PBXBuildFile; fileRef = 8B2B99C514D3491D00A40CD4 /* MainMenu.xib */; };
		8B2B99C714D3493500A40CD4 /* Localization.xib in Resources */ = {isa = PBXBuildFile; fileRef = 8B33C275146F5E6E007C2196 /* Localization.xib */; };
		8B2B99C814D3493500A40CD4 /* FRLocalizationWindowController.m in Sources */ = {isa = PBXBuildFile; fileRef = 8BAD1E95146F148400E16433 /* FRLocalizationWindowController.m */; };
		8B2B99C914D3493500A40CD4 /* FRTranslationInfo.m in Sources */ = {isa = PBXBuildFile; fileRef = 8BAD1E97146F148400E16433 /* FRTranslationInfo.m */; };
		8B2B99CA14D3493500A40CD4 /* FRUntranslatedCountCell.m in Sources */ = {isa = PBXBuildFile; fileRef = 8BAD1E98146F148400E16433 /* FRUntranslatedCountCell.m */; };
		8B33C236146F3CDB007C2196 /* FRFileManagerArchivingAdditions.h in Headers */ = {isa = PBXBuildFile; fileRef = 8B33C234146F3CDB007C2196 /* FRFileManagerArchivingAdditions.h */; };
		8B33C237146F3CDB007C2196 /* FRFileManagerArchivingAdditions.m in Sources */ = {isa = PBXBuildFile; fileRef = 8B33C235146F3CDB007C2196 /* FRFileManagerArchivingAdditions.m */; };
		8B33C23A146F3CF4007C2196 /* archiving.c in Sources */ = {isa = PBXBuildFile; fileRef = 8B33C238146F3CF4007C2196 /* archiving.c */; };
		8B33C23B146F3CF4007C2196 /* archiving.h in Headers */ = {isa = PBXBuildFile; fileRef = 8B33C239146F3CF4007C2196 /* archiving.h */; };
		8B33C26C146F5B37007C2196 /* Greenwich.h in Headers */ = {isa = PBXBuildFile; fileRef = 8B33C26B146F5B36007C2196 /* Greenwich.h */; settings = {ATTRIBUTES = (Public, ); }; };
		8B33C276146F5E6E007C2196 /* Localization.xib in Resources */ = {isa = PBXBuildFile; fileRef = 8B33C275146F5E6E007C2196 /* Localization.xib */; };
		8B33C28C147025E5007C2196 /* FRLocalizationBundleAdditions__.h in Headers */ = {isa = PBXBuildFile; fileRef = 8B33C28B147025E4007C2196 /* FRLocalizationBundleAdditions__.h */; };
		8B4FC991150C01BB00179136 /* IOKit.framework in Frameworks */ = {isa = PBXBuildFile; fileRef = 8B4FC98F150C01BB00179136 /* IOKit.framework */; };
		8B4FC992150C01BB00179136 /* SystemConfiguration.framework in Frameworks */ = {isa = PBXBuildFile; fileRef = 8B4FC990150C01BB00179136 /* SystemConfiguration.framework */; };
		8B634D93146F1C9A00BF5058 /* FRBundleAdditions.h in Headers */ = {isa = PBXBuildFile; fileRef = 8B634D8A146F1C9A00BF5058 /* FRBundleAdditions.h */; };
		8B634D94146F1C9A00BF5058 /* FRBundleAdditions.m in Sources */ = {isa = PBXBuildFile; fileRef = 8B634D8B146F1C9A00BF5058 /* FRBundleAdditions.m */; };
		8B634DC0146F2E0500BF5058 /* FRRuntimeAdditions.h in Headers */ = {isa = PBXBuildFile; fileRef = 8B634DBE146F2E0500BF5058 /* FRRuntimeAdditions.h */; };
		8B634DC1146F2E0500BF5058 /* FRRuntimeAdditions.m in Sources */ = {isa = PBXBuildFile; fileRef = 8B634DBF146F2E0500BF5058 /* FRRuntimeAdditions.m */; };
		8B7356CC14769394000468EF /* FRExtraHelpController.m in Sources */ = {isa = PBXBuildFile; fileRef = 8B7356CA14769394000468EF /* FRExtraHelpController.m */; };
		8B7356CD14769394000468EF /* FRExtraHelpController.h in Headers */ = {isa = PBXBuildFile; fileRef = 8B7356CB14769394000468EF /* FRExtraHelpController.h */; };
		8B73575214769AAD000468EF /* Carbon.framework in Frameworks */ = {isa = PBXBuildFile; fileRef = 8B73574E14769A96000468EF /* Carbon.framework */; };
		8BAB445A14D3408B00945E4E /* Greenwich.h in Headers */ = {isa = PBXBuildFile; fileRef = 8BAB445914D3408B00945E4E /* Greenwich.h */; settings = {ATTRIBUTES = (Public, ); }; };
		8BAD1E74146F11CB00E16433 /* Cocoa.framework in Frameworks */ = {isa = PBXBuildFile; fileRef = 8BAD1E73146F11CB00E16433 /* Cocoa.framework */; };
		8BAD1EA0146F148400E16433 /* FRLocalizationBundleAdditions.m in Sources */ = {isa = PBXBuildFile; fileRef = 8BAD1E92146F148400E16433 /* FRLocalizationBundleAdditions.m */; };
		8BAD1EA1146F148500E16433 /* FRLocalizationManager.m in Sources */ = {isa = PBXBuildFile; fileRef = 8BAD1E93146F148400E16433 /* FRLocalizationManager.m */; };
		8BAD1EA3146F148500E16433 /* FRLocalizationWindowController.m in Sources */ = {isa = PBXBuildFile; fileRef = 8BAD1E95146F148400E16433 /* FRLocalizationWindowController.m */; };
		8BAD1EA4146F148500E16433 /* FRNibAutomaticLocalization.m in Sources */ = {isa = PBXBuildFile; fileRef = 8BAD1E96146F148400E16433 /* FRNibAutomaticLocalization.m */; };
		8BAD1EA5146F148500E16433 /* FRTranslationInfo.m in Sources */ = {isa = PBXBuildFile; fileRef = 8BAD1E97146F148400E16433 /* FRTranslationInfo.m */; };
		8BAD1EA6146F148500E16433 /* FRUntranslatedCountCell.m in Sources */ = {isa = PBXBuildFile; fileRef = 8BAD1E98146F148400E16433 /* FRUntranslatedCountCell.m */; };
		8BAD1EA7146F148500E16433 /* FRLocalizationBundleAdditions.h in Headers */ = {isa = PBXBuildFile; fileRef = 8BAD1E99146F148400E16433 /* FRLocalizationBundleAdditions.h */; settings = {ATTRIBUTES = (Public, ); }; };
		8BAD1EA8146F148500E16433 /* FRLocalizationManager.h in Headers */ = {isa = PBXBuildFile; fileRef = 8BAD1E9A146F148400E16433 /* FRLocalizationManager.h */; settings = {ATTRIBUTES = (Public, ); }; };
		8BAD1EAA146F148500E16433 /* FRLocalizationWindowController.h in Headers */ = {isa = PBXBuildFile; fileRef = 8BAD1E9C146F148400E16433 /* FRLocalizationWindowController.h */; };
		8BAD1EAB146F148500E16433 /* FRNibAutomaticLocalization.h in Headers */ = {isa = PBXBuildFile; fileRef = 8BAD1E9D146F148400E16433 /* FRNibAutomaticLocalization.h */; settings = {ATTRIBUTES = (Public, ); }; };
		8BAD1EAC146F148500E16433 /* FRTranslationInfo__.h in Headers */ = {isa = PBXBuildFile; fileRef = 8BAD1E9E146F148400E16433 /* FRTranslationInfo__.h */; };
		8BAD1EAD146F148500E16433 /* FRUntranslatedCountCell.h in Headers */ = {isa = PBXBuildFile; fileRef = 8BAD1E9F146F148400E16433 /* FRUntranslatedCountCell.h */; };
		8BD5E23514D1E7C80021848F /* Foundation.framework in Frameworks */ = {isa = PBXBuildFile; fileRef = 8BD5E23414D1E7C80021848F /* Foundation.framework */; };
		8BD5E24114D1E93A0021848F /* FRLocalizationBundleAdditions.h in Headers */ = {isa = PBXBuildFile; fileRef = 8BAD1E99146F148400E16433 /* FRLocalizationBundleAdditions.h */; settings = {ATTRIBUTES = (Public, ); }; };
		8BD5E24214D1E93A0021848F /* FRLocalizationBundleAdditions__.h in Headers */ = {isa = PBXBuildFile; fileRef = 8B33C28B147025E4007C2196 /* FRLocalizationBundleAdditions__.h */; };
		8BD5E24314D1E93A0021848F /* FRLocalizationBundleAdditions.m in Sources */ = {isa = PBXBuildFile; fileRef = 8BAD1E92146F148400E16433 /* FRLocalizationBundleAdditions.m */; };
		8BD5E24D14D1EC250021848F /* FRUIAutomaticLocalization.h in Headers */ = {isa = PBXBuildFile; fileRef = 8BD5E24B14D1EC250021848F /* FRUIAutomaticLocalization.h */; settings = {ATTRIBUTES = (Public, ); }; };
		8BD5E24E14D1EC250021848F /* FRUIAutomaticLocalization.m in Sources */ = {isa = PBXBuildFile; fileRef = 8BD5E24C14D1EC250021848F /* FRUIAutomaticLocalization.m */; };
		8BD5E33D14D1F7620021848F /* FRRuntimeAdditions.h in Headers */ = {isa = PBXBuildFile; fileRef = 8B634DBE146F2E0500BF5058 /* FRRuntimeAdditions.h */; };
		8BD5E33E14D1F7620021848F /* FRRuntimeAdditions.m in Sources */ = {isa = PBXBuildFile; fileRef = 8B634DBF146F2E0500BF5058 /* FRRuntimeAdditions.m */; };
		8BD5E33F14D1F7620021848F /* FRBundleAdditions.h in Headers */ = {isa = PBXBuildFile; fileRef = 8B634D8A146F1C9A00BF5058 /* FRBundleAdditions.h */; };
		8BD5E34014D1F7620021848F /* FRBundleAdditions.m in Sources */ = {isa = PBXBuildFile; fileRef = 8B634D8B146F1C9A00BF5058 /* FRBundleAdditions.m */; };
		8BD5E34114D1F7620021848F /* FRFileManagerArchivingAdditions.h in Headers */ = {isa = PBXBuildFile; fileRef = 8B33C234146F3CDB007C2196 /* FRFileManagerArchivingAdditions.h */; };
		8BD5E34214D1F7620021848F /* FRFileManagerArchivingAdditions.m in Sources */ = {isa = PBXBuildFile; fileRef = 8B33C235146F3CDB007C2196 /* FRFileManagerArchivingAdditions.m */; };
		8BD5E34314D1F7620021848F /* archiving.h in Headers */ = {isa = PBXBuildFile; fileRef = 8B33C239146F3CF4007C2196 /* archiving.h */; };
		8BD5E34414D1F7620021848F /* archiving.c in Sources */ = {isa = PBXBuildFile; fileRef = 8B33C238146F3CF4007C2196 /* archiving.c */; };
		8BECC4A714D5F2C400D886DB /* FRConnection.m in Sources */ = {isa = PBXBuildFile; fileRef = 8BECC4A514D5F2C400D886DB /* FRConnection.m */; };
		8BECC4A814D5F2C400D886DB /* FRConnection.m in Sources */ = {isa = PBXBuildFile; fileRef = 8BECC4A514D5F2C400D886DB /* FRConnection.m */; };
		8BECC4A914D5F2C400D886DB /* FRConnection.h in Headers */ = {isa = PBXBuildFile; fileRef = 8BECC4A614D5F2C400D886DB /* FRConnection.h */; };
		8BECC4AD14D5FEA700D886DB /* FRMessages.h in Headers */ = {isa = PBXBuildFile; fileRef = 8BECC4AB14D5FEA700D886DB /* FRMessages.h */; };
		8BECC4AE14D5FEA700D886DB /* FRMessages.m in Sources */ = {isa = PBXBuildFile; fileRef = 8BECC4AC14D5FEA700D886DB /* FRMessages.m */; };
		8BECC4AF14D5FEA700D886DB /* FRMessages.m in Sources */ = {isa = PBXBuildFile; fileRef = 8BECC4AC14D5FEA700D886DB /* FRMessages.m */; };
		8BEDC06314D5ACCC00529A85 /* FRNetworkClient.m in Sources */ = {isa = PBXBuildFile; fileRef = 8BEDC06114D5ACCC00529A85 /* FRNetworkClient.m */; };
		8BEDC06614D5ACE700529A85 /* FRNetworkServer.m in Sources */ = {isa = PBXBuildFile; fileRef = 8BEDC06414D5ACE700529A85 /* FRNetworkServer.m */; };
		8BEDC06714D5ACE700529A85 /* FRNetworkServer__.h in Headers */ = {isa = PBXBuildFile; fileRef = 8BEDC06514D5ACE700529A85 /* FRNetworkServer__.h */; };
		8BF0440614D35DD9009B9529 /* FRLocalizationBundleAdditions.m in Sources */ = {isa = PBXBuildFile; fileRef = 8BAD1E92146F148400E16433 /* FRLocalizationBundleAdditions.m */; };
		8BF0440714D35DD9009B9529 /* FRRuntimeAdditions.m in Sources */ = {isa = PBXBuildFile; fileRef = 8B634DBF146F2E0500BF5058 /* FRRuntimeAdditions.m */; };
		8BF0440814D35DD9009B9529 /* FRBundleAdditions.m in Sources */ = {isa = PBXBuildFile; fileRef = 8B634D8B146F1C9A00BF5058 /* FRBundleAdditions.m */; };
		8BF0440914D35DD9009B9529 /* FRFileManagerArchivingAdditions.m in Sources */ = {isa = PBXBuildFile; fileRef = 8B33C235146F3CDB007C2196 /* FRFileManagerArchivingAdditions.m */; };
		8BF0440A14D35DD9009B9529 /* archiving.c in Sources */ = {isa = PBXBuildFile; fileRef = 8B33C238146F3CF4007C2196 /* archiving.c */; };
		8BF0440D14D35F82009B9529 /* FRTranslationContainer__.h in Headers */ = {isa = PBXBuildFile; fileRef = 8BF0440B14D35F82009B9529 /* FRTranslationContainer__.h */; };
		8BF0440E14D35F82009B9529 /* FRTranslationContainer.m in Sources */ = {isa = PBXBuildFile; fileRef = 8BF0440C14D35F82009B9529 /* FRTranslationContainer.m */; };
		8BF0440F14D35F82009B9529 /* FRTranslationContainer.m in Sources */ = {isa = PBXBuildFile; fileRef = 8BF0440C14D35F82009B9529 /* FRTranslationContainer.m */; };
		8F0AE78314E5D3E70095C794 /* FRTranslateArrayResultParsingDelegate.m in Sources */ = {isa = PBXBuildFile; fileRef = 8F0AE78214E5D3E70095C794 /* FRTranslateArrayResultParsingDelegate.m */; };
		8F1E4D7214D35B2F009A891A /* FRProofer.m in Sources */ = {isa = PBXBuildFile; fileRef = 8F1E4D7114D35B2F009A891A /* FRProofer.m */; };
		8F6BF70114CA19CD00C25754 /* Cocoa.framework in Frameworks */ = {isa = PBXBuildFile; fileRef = 8BAD1E73146F11CB00E16433 /* Cocoa.framework */; };
		8F6BF70D14CA19CD00C25754 /* main.m in Sources */ = {isa = PBXBuildFile; fileRef = 8F6BF70C14CA19CD00C25754 /* main.m */; };
		8F6BF71414CA19CD00C25754 /* AppDelegate.m in Sources */ = {isa = PBXBuildFile; fileRef = 8F6BF71314CA19CD00C25754 /* AppDelegate.m */; };
		8F6BF71714CA19CD00C25754 /* MainMenu.xib in Resources */ = {isa = PBXBuildFile; fileRef = 8F6BF71514CA19CD00C25754 /* MainMenu.xib */; };
		8FC37DE415016C9100817DC5 /* archiving.c in Sources */ = {isa = PBXBuildFile; fileRef = 8B33C238146F3CF4007C2196 /* archiving.c */; };
		8FC37DE81501743200817DC5 /* libarchive.dylib in Copy Libarchive */ = {isa = PBXBuildFile; fileRef = 8FC37DE51501740300817DC5 /* libarchive.dylib */; };
		8FC37DE91501743400817DC5 /* libarchive.license in Copy Libarchive */ = {isa = PBXBuildFile; fileRef = 8FC37DE61501740300817DC5 /* libarchive.license */; };
		8FC50D0014D3617D00A9E845 /* FRTranslator.m in Sources */ = {isa = PBXBuildFile; fileRef = 8FC50CFF14D3617D00A9E845 /* FRTranslator.m */; };
		8FC50D0514D3641100A9E845 /* FRSingleNodeParsingDelegate.m in Sources */ = {isa = PBXBuildFile; fileRef = 8FC50D0414D3641100A9E845 /* FRSingleNodeParsingDelegate.m */; };
		8FFCAAD814CA1F4E00DC40DE /* FRFileManagerArchivingAdditions.m in Sources */ = {isa = PBXBuildFile; fileRef = 8B33C235146F3CDB007C2196 /* FRFileManagerArchivingAdditions.m */; };
		8FFCAADC14CA214800DC40DE /* FRRuntimeAdditions.m in Sources */ = {isa = PBXBuildFile; fileRef = 8B634DBF146F2E0500BF5058 /* FRRuntimeAdditions.m */; };
		8FFCAADE14CA216200DC40DE /* FRBundleAdditions.m in Sources */ = {isa = PBXBuildFile; fileRef = 8B634D8B146F1C9A00BF5058 /* FRBundleAdditions.m */; };
/* End PBXBuildFile section */

/* Begin PBXContainerItemProxy section */
		8BB93D541474CAC00056EC71 /* PBXContainerItemProxy */ = {
			isa = PBXContainerItemProxy;
			containerPortal = 8BAD1E54146F114700E16433 /* Project object */;
			proxyType = 1;
			remoteGlobalIDString = 8BAD1E6F146F11CB00E16433;
			remoteInfo = Greenwich;
		};
/* End PBXContainerItemProxy section */

/* Begin PBXCopyFilesBuildPhase section */
		8FC37DE71501740D00817DC5 /* Copy Libarchive */ = {
			isa = PBXCopyFilesBuildPhase;
			buildActionMask = 2147483647;
			dstPath = "";
			dstSubfolderSpec = 10;
			files = (
				8FC37DE81501743200817DC5 /* libarchive.dylib in Copy Libarchive */,
				8FC37DE91501743400817DC5 /* libarchive.license in Copy Libarchive */,
			);
			name = "Copy Libarchive";
			runOnlyForDeploymentPostprocessing = 0;
		};
/* End PBXCopyFilesBuildPhase section */

/* Begin PBXFileReference section */
		8B182F8414D4B1740004ECA5 /* FRLocalizationManager.h */ = {isa = PBXFileReference; fileEncoding = 4; lastKnownFileType = sourcecode.c.h; name = FRLocalizationManager.h; path = Source/iOS/FRLocalizationManager.h; sourceTree = "<group>"; };
		8B182F8514D4B1740004ECA5 /* FRLocalizationManager.m */ = {isa = PBXFileReference; fileEncoding = 4; lastKnownFileType = sourcecode.c.objc; name = FRLocalizationManager.m; path = Source/iOS/FRLocalizationManager.m; sourceTree = "<group>"; };
		8B18302414D4DF050004ECA5 /* FRStrings.m */ = {isa = PBXFileReference; fileEncoding = 4; lastKnownFileType = sourcecode.c.objc; name = FRStrings.m; path = Source/Shared/FRStrings.m; sourceTree = "<group>"; };
		8B18302514D4DF050004ECA5 /* FRStrings.h */ = {isa = PBXFileReference; fileEncoding = 4; lastKnownFileType = sourcecode.c.h; name = FRStrings.h; path = Source/Shared/FRStrings.h; sourceTree = "<group>"; };
		8B2B99A214D347C400A40CD4 /* Greenwich Translator.app */ = {isa = PBXFileReference; explicitFileType = wrapper.application; includeInIndex = 0; path = "Greenwich Translator.app"; sourceTree = BUILT_PRODUCTS_DIR; };
		8B2B99A614D347C400A40CD4 /* AppKit.framework */ = {isa = PBXFileReference; lastKnownFileType = wrapper.framework; name = AppKit.framework; path = System/Library/Frameworks/AppKit.framework; sourceTree = SDKROOT; };
		8B2B99A714D347C400A40CD4 /* CoreData.framework */ = {isa = PBXFileReference; lastKnownFileType = wrapper.framework; name = CoreData.framework; path = System/Library/Frameworks/CoreData.framework; sourceTree = SDKROOT; };
		8B2B99A814D347C400A40CD4 /* Foundation.framework */ = {isa = PBXFileReference; lastKnownFileType = wrapper.framework; name = Foundation.framework; path = System/Library/Frameworks/Foundation.framework; sourceTree = SDKROOT; };
		8B2B99BF14D3485C00A40CD4 /* FRTranslator.m */ = {isa = PBXFileReference; fileEncoding = 4; lastKnownFileType = sourcecode.c.objc; name = FRTranslator.m; path = Source/Translator/FRTranslator.m; sourceTree = "<group>"; };
		8B2B99C014D3485C00A40CD4 /* main.m */ = {isa = PBXFileReference; fileEncoding = 4; lastKnownFileType = sourcecode.c.objc; name = main.m; path = Source/Translator/main.m; sourceTree = "<group>"; };
		8B2B99C114D3485C00A40CD4 /* FRTranslator.h */ = {isa = PBXFileReference; fileEncoding = 4; lastKnownFileType = sourcecode.c.h; name = FRTranslator.h; path = Source/Translator/FRTranslator.h; sourceTree = "<group>"; };
		8B2B99C514D3491D00A40CD4 /* MainMenu.xib */ = {isa = PBXFileReference; fileEncoding = 4; lastKnownFileType = file.xib; name = MainMenu.xib; path = Resources/Translator/MainMenu.xib; sourceTree = "<group>"; };
		8B2B99CD14D349FC00A40CD4 /* Translator.plist */ = {isa = PBXFileReference; lastKnownFileType = text.plist.xml; name = Translator.plist; path = Info/Translator.plist; sourceTree = "<group>"; };
		8B33C234146F3CDB007C2196 /* FRFileManagerArchivingAdditions.h */ = {isa = PBXFileReference; fileEncoding = 4; lastKnownFileType = sourcecode.c.h; name = FRFileManagerArchivingAdditions.h; path = External/FRFileManagerArchivingAdditions.h; sourceTree = "<group>"; };
		8B33C235146F3CDB007C2196 /* FRFileManagerArchivingAdditions.m */ = {isa = PBXFileReference; fileEncoding = 4; lastKnownFileType = sourcecode.c.objc; name = FRFileManagerArchivingAdditions.m; path = External/FRFileManagerArchivingAdditions.m; sourceTree = "<group>"; };
		8B33C238146F3CF4007C2196 /* archiving.c */ = {isa = PBXFileReference; fileEncoding = 4; lastKnownFileType = sourcecode.c.c; name = archiving.c; path = External/archiving.c; sourceTree = "<group>"; };
		8B33C239146F3CF4007C2196 /* archiving.h */ = {isa = PBXFileReference; fileEncoding = 4; lastKnownFileType = sourcecode.c.h; name = archiving.h; path = External/archiving.h; sourceTree = "<group>"; };
		8B33C26B146F5B36007C2196 /* Greenwich.h */ = {isa = PBXFileReference; fileEncoding = 4; lastKnownFileType = sourcecode.c.h; name = Greenwich.h; path = Source/Mac/Greenwich.h; sourceTree = "<group>"; };
		8B33C275146F5E6E007C2196 /* Localization.xib */ = {isa = PBXFileReference; fileEncoding = 4; lastKnownFileType = file.xib; name = Localization.xib; path = Resources/Mac/Localization.xib; sourceTree = "<group>"; };
		8B33C28B147025E4007C2196 /* FRLocalizationBundleAdditions__.h */ = {isa = PBXFileReference; fileEncoding = 4; lastKnownFileType = sourcecode.c.h; name = FRLocalizationBundleAdditions__.h; path = Source/Shared/FRLocalizationBundleAdditions__.h; sourceTree = "<group>"; };
		8B4FC98F150C01BB00179136 /* IOKit.framework */ = {isa = PBXFileReference; lastKnownFileType = wrapper.framework; name = IOKit.framework; path = ../../../../../System/Library/Frameworks/IOKit.framework; sourceTree = "<group>"; };
		8B4FC990150C01BB00179136 /* SystemConfiguration.framework */ = {isa = PBXFileReference; lastKnownFileType = wrapper.framework; name = SystemConfiguration.framework; path = ../../../../../System/Library/Frameworks/SystemConfiguration.framework; sourceTree = "<group>"; };
		8B634D8A146F1C9A00BF5058 /* FRBundleAdditions.h */ = {isa = PBXFileReference; fileEncoding = 4; lastKnownFileType = sourcecode.c.h; name = FRBundleAdditions.h; path = External/FRBundleAdditions.h; sourceTree = "<group>"; };
		8B634D8B146F1C9A00BF5058 /* FRBundleAdditions.m */ = {isa = PBXFileReference; fileEncoding = 4; lastKnownFileType = sourcecode.c.objc; name = FRBundleAdditions.m; path = External/FRBundleAdditions.m; sourceTree = "<group>"; };
		8B634DBE146F2E0500BF5058 /* FRRuntimeAdditions.h */ = {isa = PBXFileReference; fileEncoding = 4; lastKnownFileType = sourcecode.c.h; name = FRRuntimeAdditions.h; path = External/FRRuntimeAdditions.h; sourceTree = "<group>"; };
		8B634DBF146F2E0500BF5058 /* FRRuntimeAdditions.m */ = {isa = PBXFileReference; fileEncoding = 4; lastKnownFileType = sourcecode.c.objc; name = FRRuntimeAdditions.m; path = External/FRRuntimeAdditions.m; sourceTree = "<group>"; };
		8B7356CA14769394000468EF /* FRExtraHelpController.m */ = {isa = PBXFileReference; fileEncoding = 4; lastKnownFileType = sourcecode.c.objc; name = FRExtraHelpController.m; path = External/FRExtraHelpController.m; sourceTree = "<group>"; };
		8B7356CB14769394000468EF /* FRExtraHelpController.h */ = {isa = PBXFileReference; fileEncoding = 4; lastKnownFileType = sourcecode.c.h; name = FRExtraHelpController.h; path = External/FRExtraHelpController.h; sourceTree = "<group>"; };
		8B73574E14769A96000468EF /* Carbon.framework */ = {isa = PBXFileReference; lastKnownFileType = wrapper.framework; name = Carbon.framework; path = System/Library/Frameworks/Carbon.framework; sourceTree = SDKROOT; };
		8BAB445914D3408B00945E4E /* Greenwich.h */ = {isa = PBXFileReference; fileEncoding = 4; lastKnownFileType = sourcecode.c.h; name = Greenwich.h; path = Source/iOS/Greenwich.h; sourceTree = "<group>"; };
		8BAD1E70146F11CB00E16433 /* Greenwich.framework */ = {isa = PBXFileReference; explicitFileType = wrapper.framework; includeInIndex = 0; path = Greenwich.framework; sourceTree = BUILT_PRODUCTS_DIR; };
		8BAD1E73146F11CB00E16433 /* Cocoa.framework */ = {isa = PBXFileReference; lastKnownFileType = wrapper.framework; name = Cocoa.framework; path = System/Library/Frameworks/Cocoa.framework; sourceTree = SDKROOT; };
		8BAD1E92146F148400E16433 /* FRLocalizationBundleAdditions.m */ = {isa = PBXFileReference; fileEncoding = 4; lastKnownFileType = sourcecode.c.objc; name = FRLocalizationBundleAdditions.m; path = Source/Shared/FRLocalizationBundleAdditions.m; sourceTree = "<group>"; };
		8BAD1E93146F148400E16433 /* FRLocalizationManager.m */ = {isa = PBXFileReference; fileEncoding = 4; lastKnownFileType = sourcecode.c.objc; name = FRLocalizationManager.m; path = Source/Mac/FRLocalizationManager.m; sourceTree = "<group>"; };
		8BAD1E95146F148400E16433 /* FRLocalizationWindowController.m */ = {isa = PBXFileReference; fileEncoding = 4; lastKnownFileType = sourcecode.c.objc; name = FRLocalizationWindowController.m; path = Source/Mac/FRLocalizationWindowController.m; sourceTree = "<group>"; };
		8BAD1E96146F148400E16433 /* FRNibAutomaticLocalization.m */ = {isa = PBXFileReference; fileEncoding = 4; lastKnownFileType = sourcecode.c.objc; name = FRNibAutomaticLocalization.m; path = Source/Mac/FRNibAutomaticLocalization.m; sourceTree = "<group>"; };
		8BAD1E97146F148400E16433 /* FRTranslationInfo.m */ = {isa = PBXFileReference; fileEncoding = 4; lastKnownFileType = sourcecode.c.objc; name = FRTranslationInfo.m; path = Source/Mac/FRTranslationInfo.m; sourceTree = "<group>"; };
		8BAD1E98146F148400E16433 /* FRUntranslatedCountCell.m */ = {isa = PBXFileReference; fileEncoding = 4; lastKnownFileType = sourcecode.c.objc; name = FRUntranslatedCountCell.m; path = Source/Mac/FRUntranslatedCountCell.m; sourceTree = "<group>"; };
		8BAD1E99146F148400E16433 /* FRLocalizationBundleAdditions.h */ = {isa = PBXFileReference; fileEncoding = 4; lastKnownFileType = sourcecode.c.h; name = FRLocalizationBundleAdditions.h; path = Source/Shared/FRLocalizationBundleAdditions.h; sourceTree = "<group>"; };
		8BAD1E9A146F148400E16433 /* FRLocalizationManager.h */ = {isa = PBXFileReference; fileEncoding = 4; lastKnownFileType = sourcecode.c.h; name = FRLocalizationManager.h; path = Source/Mac/FRLocalizationManager.h; sourceTree = "<group>"; };
		8BAD1E9C146F148400E16433 /* FRLocalizationWindowController.h */ = {isa = PBXFileReference; fileEncoding = 4; lastKnownFileType = sourcecode.c.h; name = FRLocalizationWindowController.h; path = Source/Mac/FRLocalizationWindowController.h; sourceTree = "<group>"; };
		8BAD1E9D146F148400E16433 /* FRNibAutomaticLocalization.h */ = {isa = PBXFileReference; fileEncoding = 4; lastKnownFileType = sourcecode.c.h; name = FRNibAutomaticLocalization.h; path = Source/Mac/FRNibAutomaticLocalization.h; sourceTree = "<group>"; };
		8BAD1E9E146F148400E16433 /* FRTranslationInfo__.h */ = {isa = PBXFileReference; fileEncoding = 4; lastKnownFileType = sourcecode.c.h; name = FRTranslationInfo__.h; path = Source/Mac/FRTranslationInfo__.h; sourceTree = "<group>"; };
		8BAD1E9F146F148400E16433 /* FRUntranslatedCountCell.h */ = {isa = PBXFileReference; fileEncoding = 4; lastKnownFileType = sourcecode.c.h; name = FRUntranslatedCountCell.h; path = Source/Mac/FRUntranslatedCountCell.h; sourceTree = "<group>"; };
		8BAD1EB0146F150100E16433 /* Localization.plist */ = {isa = PBXFileReference; lastKnownFileType = text.plist.xml; name = Localization.plist; path = Info/Localization.plist; sourceTree = "<group>"; };
		8BAD1EB1146F158E00E16433 /* Project.debug.xcconfig */ = {isa = PBXFileReference; lastKnownFileType = text.xcconfig; name = Project.debug.xcconfig; path = ../Configurations/Shared/Project.debug.xcconfig; sourceTree = "<group>"; };
		8BAD1EB2146F158E00E16433 /* Project.release.xcconfig */ = {isa = PBXFileReference; lastKnownFileType = text.xcconfig; name = Project.release.xcconfig; path = ../Configurations/Shared/Project.release.xcconfig; sourceTree = "<group>"; };
		8BAD1EB3146F159C00E16433 /* Base.xcconfig */ = {isa = PBXFileReference; lastKnownFileType = text.xcconfig; name = Base.xcconfig; path = ../Configurations/Mac/Base.xcconfig; sourceTree = "<group>"; };
		8BAD1EB4146F159C00E16433 /* Framework.xcconfig */ = {isa = PBXFileReference; lastKnownFileType = text.xcconfig; name = Framework.xcconfig; path = ../Configurations/Mac/Framework.xcconfig; sourceTree = "<group>"; };
		8BAD1EB9146F168F00E16433 /* Greenwich.pch */ = {isa = PBXFileReference; fileEncoding = 4; lastKnownFileType = sourcecode.c.h; name = Greenwich.pch; path = Source/Greenwich.pch; sourceTree = "<group>"; };
		8BD5E23314D1E7C80021848F /* Greenwich.framework */ = {isa = PBXFileReference; explicitFileType = archive.ar; includeInIndex = 0; path = Greenwich.framework; sourceTree = BUILT_PRODUCTS_DIR; };
		8BD5E23414D1E7C80021848F /* Foundation.framework */ = {isa = PBXFileReference; lastKnownFileType = wrapper.framework; name = Foundation.framework; path = System/Library/Frameworks/Foundation.framework; sourceTree = SDKROOT; };
		8BD5E24514D1E9EF0021848F /* Library.xcconfig */ = {isa = PBXFileReference; lastKnownFileType = text.xcconfig; name = Library.xcconfig; path = ../Configurations/iOS/Library.xcconfig; sourceTree = "<group>"; };
		8BD5E24B14D1EC250021848F /* FRUIAutomaticLocalization.h */ = {isa = PBXFileReference; fileEncoding = 4; lastKnownFileType = sourcecode.c.h; name = FRUIAutomaticLocalization.h; path = Source/iOS/FRUIAutomaticLocalization.h; sourceTree = "<group>"; };
		8BD5E24C14D1EC250021848F /* FRUIAutomaticLocalization.m */ = {isa = PBXFileReference; fileEncoding = 4; lastKnownFileType = sourcecode.c.objc; name = FRUIAutomaticLocalization.m; path = Source/iOS/FRUIAutomaticLocalization.m; sourceTree = "<group>"; };
		8BECC4A514D5F2C400D886DB /* FRConnection.m */ = {isa = PBXFileReference; fileEncoding = 4; lastKnownFileType = sourcecode.c.objc; name = FRConnection.m; path = Source/Shared/FRConnection.m; sourceTree = "<group>"; };
		8BECC4A614D5F2C400D886DB /* FRConnection.h */ = {isa = PBXFileReference; fileEncoding = 4; lastKnownFileType = sourcecode.c.h; name = FRConnection.h; path = Source/Shared/FRConnection.h; sourceTree = "<group>"; };
		8BECC4AB14D5FEA700D886DB /* FRMessages.h */ = {isa = PBXFileReference; fileEncoding = 4; lastKnownFileType = sourcecode.c.h; name = FRMessages.h; path = Source/Shared/FRMessages.h; sourceTree = "<group>"; };
		8BECC4AC14D5FEA700D886DB /* FRMessages.m */ = {isa = PBXFileReference; fileEncoding = 4; lastKnownFileType = sourcecode.c.objc; name = FRMessages.m; path = Source/Shared/FRMessages.m; sourceTree = "<group>"; };
		8BEDC06114D5ACCC00529A85 /* FRNetworkClient.m */ = {isa = PBXFileReference; fileEncoding = 4; lastKnownFileType = sourcecode.c.objc; name = FRNetworkClient.m; path = Source/Translator/FRNetworkClient.m; sourceTree = "<group>"; };
		8BEDC06214D5ACCC00529A85 /* FRNetworkClient.h */ = {isa = PBXFileReference; fileEncoding = 4; lastKnownFileType = sourcecode.c.h; name = FRNetworkClient.h; path = Source/Translator/FRNetworkClient.h; sourceTree = "<group>"; };
		8BEDC06414D5ACE700529A85 /* FRNetworkServer.m */ = {isa = PBXFileReference; fileEncoding = 4; lastKnownFileType = sourcecode.c.objc; name = FRNetworkServer.m; path = Source/iOS/FRNetworkServer.m; sourceTree = "<group>"; };
		8BEDC06514D5ACE700529A85 /* FRNetworkServer__.h */ = {isa = PBXFileReference; fileEncoding = 4; lastKnownFileType = sourcecode.c.h; name = FRNetworkServer__.h; path = Source/iOS/FRNetworkServer__.h; sourceTree = "<group>"; };
		8BF0440B14D35F82009B9529 /* FRTranslationContainer__.h */ = {isa = PBXFileReference; fileEncoding = 4; lastKnownFileType = sourcecode.c.h; name = FRTranslationContainer__.h; path = Source/Mac/FRTranslationContainer__.h; sourceTree = "<group>"; };
		8BF0440C14D35F82009B9529 /* FRTranslationContainer.m */ = {isa = PBXFileReference; fileEncoding = 4; lastKnownFileType = sourcecode.c.objc; name = FRTranslationContainer.m; path = Source/Mac/FRTranslationContainer.m; sourceTree = "<group>"; };
		8F0AE78114E5D3E70095C794 /* FRTranslateArrayResultParsingDelegate.h */ = {isa = PBXFileReference; fileEncoding = 4; lastKnownFileType = sourcecode.c.h; path = FRTranslateArrayResultParsingDelegate.h; sourceTree = "<group>"; };
		8F0AE78214E5D3E70095C794 /* FRTranslateArrayResultParsingDelegate.m */ = {isa = PBXFileReference; fileEncoding = 4; lastKnownFileType = sourcecode.c.objc; path = FRTranslateArrayResultParsingDelegate.m; sourceTree = "<group>"; };
		8F1E4D7014D35B2F009A891A /* FRProofer.h */ = {isa = PBXFileReference; fileEncoding = 4; lastKnownFileType = sourcecode.c.h; path = FRProofer.h; sourceTree = "<group>"; };
		8F1E4D7114D35B2F009A891A /* FRProofer.m */ = {isa = PBXFileReference; fileEncoding = 4; lastKnownFileType = sourcecode.c.objc; path = FRProofer.m; sourceTree = "<group>"; };
		8F6BF6FF14CA19CD00C25754 /* Proofer.app */ = {isa = PBXFileReference; explicitFileType = wrapper.application; includeInIndex = 0; path = Proofer.app; sourceTree = BUILT_PRODUCTS_DIR; };
		8F6BF70314CA19CD00C25754 /* AppKit.framework */ = {isa = PBXFileReference; lastKnownFileType = wrapper.framework; name = AppKit.framework; path = System/Library/Frameworks/AppKit.framework; sourceTree = SDKROOT; };
		8F6BF70414CA19CD00C25754 /* CoreData.framework */ = {isa = PBXFileReference; lastKnownFileType = wrapper.framework; name = CoreData.framework; path = System/Library/Frameworks/CoreData.framework; sourceTree = SDKROOT; };
		8F6BF70514CA19CD00C25754 /* Foundation.framework */ = {isa = PBXFileReference; lastKnownFileType = wrapper.framework; name = Foundation.framework; path = System/Library/Frameworks/Foundation.framework; sourceTree = SDKROOT; };
		8F6BF70814CA19CD00C25754 /* Proofer-Info.plist */ = {isa = PBXFileReference; lastKnownFileType = text.plist.xml; path = "Proofer-Info.plist"; sourceTree = "<group>"; };
		8F6BF70C14CA19CD00C25754 /* main.m */ = {isa = PBXFileReference; lastKnownFileType = sourcecode.c.objc; path = main.m; sourceTree = "<group>"; };
		8F6BF71214CA19CD00C25754 /* AppDelegate.h */ = {isa = PBXFileReference; lastKnownFileType = sourcecode.c.h; path = AppDelegate.h; sourceTree = "<group>"; };
		8F6BF71314CA19CD00C25754 /* AppDelegate.m */ = {isa = PBXFileReference; lastKnownFileType = sourcecode.c.objc; path = AppDelegate.m; sourceTree = "<group>"; };
		8F6BF71614CA19CD00C25754 /* en */ = {isa = PBXFileReference; lastKnownFileType = file.xib; name = en; path = en.lproj/MainMenu.xib; sourceTree = "<group>"; };
		8FC37DE51501740300817DC5 /* libarchive.dylib */ = {isa = PBXFileReference; lastKnownFileType = "compiled.mach-o.dylib"; name = libarchive.dylib; path = External/libarchive/libarchive.dylib; sourceTree = "<group>"; };
		8FC37DE61501740300817DC5 /* libarchive.license */ = {isa = PBXFileReference; lastKnownFileType = text; name = libarchive.license; path = External/libarchive/libarchive.license; sourceTree = "<group>"; };
		8FC50CFE14D3617D00A9E845 /* FRTranslator.h */ = {isa = PBXFileReference; fileEncoding = 4; lastKnownFileType = sourcecode.c.h; path = FRTranslator.h; sourceTree = "<group>"; };
		8FC50CFF14D3617D00A9E845 /* FRTranslator.m */ = {isa = PBXFileReference; fileEncoding = 4; lastKnownFileType = sourcecode.c.objc; path = FRTranslator.m; sourceTree = "<group>"; };
		8FC50D0314D3641100A9E845 /* FRSingleNodeParsingDelegate.h */ = {isa = PBXFileReference; fileEncoding = 4; lastKnownFileType = sourcecode.c.h; path = FRSingleNodeParsingDelegate.h; sourceTree = "<group>"; };
		8FC50D0414D3641100A9E845 /* FRSingleNodeParsingDelegate.m */ = {isa = PBXFileReference; fileEncoding = 4; lastKnownFileType = sourcecode.c.objc; path = FRSingleNodeParsingDelegate.m; sourceTree = "<group>"; };
/* End PBXFileReference section */

/* Begin PBXFrameworksBuildPhase section */
		8B2B999F14D347C400A40CD4 /* Frameworks */ = {
			isa = PBXFrameworksBuildPhase;
			buildActionMask = 2147483647;
			files = (
				8B2B99A414D347C400A40CD4 /* Cocoa.framework in Frameworks */,
				8B4FC992150C01BB00179136 /* SystemConfiguration.framework in Frameworks */,
				8B4FC991150C01BB00179136 /* IOKit.framework in Frameworks */,
			);
			runOnlyForDeploymentPostprocessing = 0;
		};
		8BAD1E6C146F11CB00E16433 /* Frameworks */ = {
			isa = PBXFrameworksBuildPhase;
			buildActionMask = 2147483647;
			files = (
				8BAD1E74146F11CB00E16433 /* Cocoa.framework in Frameworks */,
				8B73575214769AAD000468EF /* Carbon.framework in Frameworks */,
			);
			runOnlyForDeploymentPostprocessing = 0;
		};
		8BD5E23014D1E7C80021848F /* Frameworks */ = {
			isa = PBXFrameworksBuildPhase;
			buildActionMask = 2147483647;
			files = (
				8BD5E23514D1E7C80021848F /* Foundation.framework in Frameworks */,
			);
			runOnlyForDeploymentPostprocessing = 0;
		};
		8F6BF6FC14CA19CD00C25754 /* Frameworks */ = {
			isa = PBXFrameworksBuildPhase;
			buildActionMask = 2147483647;
			files = (
				8F6BF70114CA19CD00C25754 /* Cocoa.framework in Frameworks */,
			);
			runOnlyForDeploymentPostprocessing = 0;
		};
/* End PBXFrameworksBuildPhase section */

/* Begin PBXGroup section */
		8B2B99A514D347C400A40CD4 /* Other Frameworks */ = {
			isa = PBXGroup;
			children = (
				8B2B99A614D347C400A40CD4 /* AppKit.framework */,
				8B2B99A714D347C400A40CD4 /* CoreData.framework */,
				8B2B99A814D347C400A40CD4 /* Foundation.framework */,
			);
			name = "Other Frameworks";
			sourceTree = "<group>";
		};
		8B2B99C414D3486100A40CD4 /* Translator */ = {
			isa = PBXGroup;
			children = (
				8B2B99CD14D349FC00A40CD4 /* Translator.plist */,
				8B2B99C114D3485C00A40CD4 /* FRTranslator.h */,
				8B2B99BF14D3485C00A40CD4 /* FRTranslator.m */,
				8BEDC06214D5ACCC00529A85 /* FRNetworkClient.h */,
				8BEDC06114D5ACCC00529A85 /* FRNetworkClient.m */,
				8B2B99C514D3491D00A40CD4 /* MainMenu.xib */,
				8B2B99C014D3485C00A40CD4 /* main.m */,
			);
			name = Translator;
			sourceTree = "<group>";
		};
		8B33C231146F37D3007C2196 /* Interface */ = {
			isa = PBXGroup;
			children = (
				8B33C275146F5E6E007C2196 /* Localization.xib */,
				8BAD1E9C146F148400E16433 /* FRLocalizationWindowController.h */,
				8BAD1E95146F148400E16433 /* FRLocalizationWindowController.m */,
				8BF0440B14D35F82009B9529 /* FRTranslationContainer__.h */,
				8BF0440C14D35F82009B9529 /* FRTranslationContainer.m */,
				8BAD1E9E146F148400E16433 /* FRTranslationInfo__.h */,
				8BAD1E97146F148400E16433 /* FRTranslationInfo.m */,
				8BAD1E9F146F148400E16433 /* FRUntranslatedCountCell.h */,
				8BAD1E98146F148400E16433 /* FRUntranslatedCountCell.m */,
			);
			name = Interface;
			sourceTree = "<group>";
		};
		8B33C26E146F5CF8007C2196 /* iOS */ = {
			isa = PBXGroup;
			children = (
				8BAB445914D3408B00945E4E /* Greenwich.h */,
				8B182F8414D4B1740004ECA5 /* FRLocalizationManager.h */,
				8B182F8514D4B1740004ECA5 /* FRLocalizationManager.m */,
				8BD5E24B14D1EC250021848F /* FRUIAutomaticLocalization.h */,
				8BD5E24C14D1EC250021848F /* FRUIAutomaticLocalization.m */,
				8BEDC06514D5ACE700529A85 /* FRNetworkServer__.h */,
				8BEDC06414D5ACE700529A85 /* FRNetworkServer.m */,
			);
			name = iOS;
			sourceTree = "<group>";
		};
		8B634D89146F1C8900BF5058 /* External */ = {
			isa = PBXGroup;
			children = (
				8B7356CB14769394000468EF /* FRExtraHelpController.h */,
				8B7356CA14769394000468EF /* FRExtraHelpController.m */,
			);
			name = External;
			sourceTree = "<group>";
		};
		8BAD1E52146F114700E16433 = {
			isa = PBXGroup;
			children = (
				8B4FC98F150C01BB00179136 /* IOKit.framework */,
				8B4FC990150C01BB00179136 /* SystemConfiguration.framework */,
				8BAD1EB9146F168F00E16433 /* Greenwich.pch */,
				8BADE86A146F17F40094AE93 /* Mac */,
				8B33C26E146F5CF8007C2196 /* iOS */,
				8BD5E24014D1E8ED0021848F /* Shared */,
				8B2B99C414D3486100A40CD4 /* Translator */,
				8BAD1EAE146F14DF00E16433 /* Resources */,
				8F6BF70614CA19CD00C25754 /* Proofer */,
				8BAD1E72146F11CB00E16433 /* Frameworks */,
				8BAD1E71146F11CB00E16433 /* Products */,
			);
			sourceTree = "<group>";
		};
		8BAD1E71146F11CB00E16433 /* Products */ = {
			isa = PBXGroup;
			children = (
				8BAD1E70146F11CB00E16433 /* Greenwich.framework */,
				8BD5E23314D1E7C80021848F /* Greenwich.framework */,
				8B2B99A214D347C400A40CD4 /* Greenwich Translator.app */,
				8F6BF6FF14CA19CD00C25754 /* Proofer.app */,
			);
			name = Products;
			sourceTree = "<group>";
		};
		8BAD1E72146F11CB00E16433 /* Frameworks */ = {
			isa = PBXGroup;
			children = (
				8FC37DE51501740300817DC5 /* libarchive.dylib */,
				8FC37DE61501740300817DC5 /* libarchive.license */,
				8BAD1E73146F11CB00E16433 /* Cocoa.framework */,
				8B73574E14769A96000468EF /* Carbon.framework */,
				8BD5E23414D1E7C80021848F /* Foundation.framework */,
				8B2B99A514D347C400A40CD4 /* Other Frameworks */,
				8F6BF70214CA19CD00C25754 /* Other Frameworks */,
			);
			name = Frameworks;
			sourceTree = "<group>";
		};
		8BAD1EAE146F14DF00E16433 /* Resources */ = {
			isa = PBXGroup;
			children = (
				8BAD1EAF146F14F000E16433 /* Info */,
				8BAD1EB5146F15D300E16433 /* Configurations */,
			);
			name = Resources;
			sourceTree = "<group>";
		};
		8BAD1EAF146F14F000E16433 /* Info */ = {
			isa = PBXGroup;
			children = (
				8BAD1EB0146F150100E16433 /* Localization.plist */,
			);
			name = Info;
			sourceTree = "<group>";
		};
		8BAD1EB5146F15D300E16433 /* Configurations */ = {
			isa = PBXGroup;
			children = (
				8BAD1EB6146F15D900E16433 /* Shared */,
				8BAD1EB7146F15DF00E16433 /* Mac */,
				8BD5E24414D1E9AC0021848F /* iOS */,
			);
			name = Configurations;
			sourceTree = "<group>";
		};
		8BAD1EB6146F15D900E16433 /* Shared */ = {
			isa = PBXGroup;
			children = (
				8BAD1EB1146F158E00E16433 /* Project.debug.xcconfig */,
				8BAD1EB2146F158E00E16433 /* Project.release.xcconfig */,
			);
			name = Shared;
			sourceTree = "<group>";
		};
		8BAD1EB7146F15DF00E16433 /* Mac */ = {
			isa = PBXGroup;
			children = (
				8BAD1EB3146F159C00E16433 /* Base.xcconfig */,
				8BAD1EB3146F159C00E16433 /* Base.xcconfig */,
				8BAD1EB4146F159C00E16433 /* Framework.xcconfig */,
			);
			name = Mac;
			sourceTree = "<group>";
		};
		8BADE86A146F17F40094AE93 /* Mac */ = {
			isa = PBXGroup;
			children = (
				8B33C26B146F5B36007C2196 /* Greenwich.h */,
				8BAD1E9A146F148400E16433 /* FRLocalizationManager.h */,
				8BAD1E93146F148400E16433 /* FRLocalizationManager.m */,
				8BAD1E9D146F148400E16433 /* FRNibAutomaticLocalization.h */,
				8BAD1E96146F148400E16433 /* FRNibAutomaticLocalization.m */,
				8B33C231146F37D3007C2196 /* Interface */,
				8B634D89146F1C8900BF5058 /* External */,
			);
			name = Mac;
			sourceTree = "<group>";
		};
		8BD5E24014D1E8ED0021848F /* Shared */ = {
			isa = PBXGroup;
			children = (
				8BAD1E99146F148400E16433 /* FRLocalizationBundleAdditions.h */,
				8B33C28B147025E4007C2196 /* FRLocalizationBundleAdditions__.h */,
				8BAD1E92146F148400E16433 /* FRLocalizationBundleAdditions.m */,
				8BECC4AB14D5FEA700D886DB /* FRMessages.h */,
				8BECC4AC14D5FEA700D886DB /* FRMessages.m */,
				8B18302514D4DF050004ECA5 /* FRStrings.h */,
				8B18302414D4DF050004ECA5 /* FRStrings.m */,
				8BECC4A614D5F2C400D886DB /* FRConnection.h */,
				8BECC4A514D5F2C400D886DB /* FRConnection.m */,
				8BD5E3DA14D202040021848F /* External */,
			);
			name = Shared;
			sourceTree = "<group>";
		};
		8BD5E24414D1E9AC0021848F /* iOS */ = {
			isa = PBXGroup;
			children = (
				8BD5E24514D1E9EF0021848F /* Library.xcconfig */,
			);
			name = iOS;
			sourceTree = "<group>";
		};
		8BD5E3DA14D202040021848F /* External */ = {
			isa = PBXGroup;
			children = (
				8B634DBE146F2E0500BF5058 /* FRRuntimeAdditions.h */,
				8B634DBF146F2E0500BF5058 /* FRRuntimeAdditions.m */,
				8B634D8A146F1C9A00BF5058 /* FRBundleAdditions.h */,
				8B634D8B146F1C9A00BF5058 /* FRBundleAdditions.m */,
				8B33C234146F3CDB007C2196 /* FRFileManagerArchivingAdditions.h */,
				8B33C235146F3CDB007C2196 /* FRFileManagerArchivingAdditions.m */,
				8B33C239146F3CF4007C2196 /* archiving.h */,
				8B33C238146F3CF4007C2196 /* archiving.c */,
			);
			name = External;
			sourceTree = "<group>";
		};
		8F6BF70214CA19CD00C25754 /* Other Frameworks */ = {
			isa = PBXGroup;
			children = (
				8F6BF70314CA19CD00C25754 /* AppKit.framework */,
				8F6BF70414CA19CD00C25754 /* CoreData.framework */,
				8F6BF70514CA19CD00C25754 /* Foundation.framework */,
			);
			name = "Other Frameworks";
			sourceTree = "<group>";
		};
		8F6BF70614CA19CD00C25754 /* Proofer */ = {
			isa = PBXGroup;
			children = (
				8F6BF71214CA19CD00C25754 /* AppDelegate.h */,
				8F6BF71314CA19CD00C25754 /* AppDelegate.m */,
				8F6BF71514CA19CD00C25754 /* MainMenu.xib */,
				8F1E4D7014D35B2F009A891A /* FRProofer.h */,
				8F1E4D7114D35B2F009A891A /* FRProofer.m */,
				8FC50D0214D3618200A9E845 /* Translator */,
				8F6BF70714CA19CD00C25754 /* Supporting Files */,
			);
			path = Proofer;
			sourceTree = "<group>";
		};
		8F6BF70714CA19CD00C25754 /* Supporting Files */ = {
			isa = PBXGroup;
			children = (
				8F6BF70814CA19CD00C25754 /* Proofer-Info.plist */,
				8F6BF70C14CA19CD00C25754 /* main.m */,
			);
			name = "Supporting Files";
			sourceTree = "<group>";
		};
		8FC50D0214D3618200A9E845 /* Translator */ = {
			isa = PBXGroup;
			children = (
				8FC50CFE14D3617D00A9E845 /* FRTranslator.h */,
				8FC50CFF14D3617D00A9E845 /* FRTranslator.m */,
				8FC50D0314D3641100A9E845 /* FRSingleNodeParsingDelegate.h */,
				8FC50D0414D3641100A9E845 /* FRSingleNodeParsingDelegate.m */,
				8F0AE78114E5D3E70095C794 /* FRTranslateArrayResultParsingDelegate.h */,
				8F0AE78214E5D3E70095C794 /* FRTranslateArrayResultParsingDelegate.m */,
			);
			name = Translator;
			sourceTree = "<group>";
		};
/* End PBXGroup section */

/* Begin PBXHeadersBuildPhase section */
		8BAD1E6D146F11CB00E16433 /* Headers */ = {
			isa = PBXHeadersBuildPhase;
			buildActionMask = 2147483647;
			files = (
				8B33C26C146F5B37007C2196 /* Greenwich.h in Headers */,
				8BAD1EA7146F148500E16433 /* FRLocalizationBundleAdditions.h in Headers */,
				8BAD1EA8146F148500E16433 /* FRLocalizationManager.h in Headers */,
				8BAD1EAB146F148500E16433 /* FRNibAutomaticLocalization.h in Headers */,
				8BAD1EAA146F148500E16433 /* FRLocalizationWindowController.h in Headers */,
				8BAD1EAC146F148500E16433 /* FRTranslationInfo__.h in Headers */,
				8BAD1EAD146F148500E16433 /* FRUntranslatedCountCell.h in Headers */,
				8B634D93146F1C9A00BF5058 /* FRBundleAdditions.h in Headers */,
				8B634DC0146F2E0500BF5058 /* FRRuntimeAdditions.h in Headers */,
				8B33C236146F3CDB007C2196 /* FRFileManagerArchivingAdditions.h in Headers */,
				8B33C23B146F3CF4007C2196 /* archiving.h in Headers */,
				8B33C28C147025E5007C2196 /* FRLocalizationBundleAdditions__.h in Headers */,
				8B7356CD14769394000468EF /* FRExtraHelpController.h in Headers */,
				8BF0440D14D35F82009B9529 /* FRTranslationContainer__.h in Headers */,
				8B18302914D4DF050004ECA5 /* FRStrings.h in Headers */,
			);
			runOnlyForDeploymentPostprocessing = 0;
		};
		8BD5E23114D1E7C80021848F /* Headers */ = {
			isa = PBXHeadersBuildPhase;
			buildActionMask = 2147483647;
			files = (
				8BD5E24114D1E93A0021848F /* FRLocalizationBundleAdditions.h in Headers */,
				8BD5E24D14D1EC250021848F /* FRUIAutomaticLocalization.h in Headers */,
				8B182F8614D4B1740004ECA5 /* FRLocalizationManager.h in Headers */,
				8BAB445A14D3408B00945E4E /* Greenwich.h in Headers */,
				8BD5E24214D1E93A0021848F /* FRLocalizationBundleAdditions__.h in Headers */,
				8BD5E33D14D1F7620021848F /* FRRuntimeAdditions.h in Headers */,
				8BD5E33F14D1F7620021848F /* FRBundleAdditions.h in Headers */,
				8BD5E34114D1F7620021848F /* FRFileManagerArchivingAdditions.h in Headers */,
				8BD5E34314D1F7620021848F /* archiving.h in Headers */,
				8B18302A14D4DF050004ECA5 /* FRStrings.h in Headers */,
				8BEDC06714D5ACE700529A85 /* FRNetworkServer__.h in Headers */,
				8BECC4A914D5F2C400D886DB /* FRConnection.h in Headers */,
				8BECC4AD14D5FEA700D886DB /* FRMessages.h in Headers */,
			);
			runOnlyForDeploymentPostprocessing = 0;
		};
/* End PBXHeadersBuildPhase section */

/* Begin PBXNativeTarget section */
		8B2B99A114D347C400A40CD4 /* Translator */ = {
			isa = PBXNativeTarget;
			buildConfigurationList = 8B2B99BD14D347C500A40CD4 /* Build configuration list for PBXNativeTarget "Translator" */;
			buildPhases = (
				8B2B999E14D347C400A40CD4 /* Sources */,
				8B2B999F14D347C400A40CD4 /* Frameworks */,
				8B2B99A014D347C400A40CD4 /* Resources */,
				8B11043814FB33AE004D17D7 /* Copy libarchive */,
			);
			buildRules = (
			);
			dependencies = (
			);
			name = Translator;
			productName = "Greenwich Translator";
			productReference = 8B2B99A214D347C400A40CD4 /* Greenwich Translator.app */;
			productType = "com.apple.product-type.application";
		};
		8BAD1E6F146F11CB00E16433 /* Greenwich */ = {
			isa = PBXNativeTarget;
			buildConfigurationList = 8BAD1E85146F11CC00E16433 /* Build configuration list for PBXNativeTarget "Greenwich" */;
			buildPhases = (
				8BAD1E6B146F11CB00E16433 /* Sources */,
				8BAD1E6C146F11CB00E16433 /* Frameworks */,
				8BAD1E6D146F11CB00E16433 /* Headers */,
				8BAD1E6E146F11CB00E16433 /* Resources */,
				8B0DCF0114702A4100DF8AC3 /* Update & Copy Localizations */,
				8B554B0214F53F3F00B79877 /* Copy libarchive */,
			);
			buildRules = (
			);
			dependencies = (
			);
			name = Greenwich;
			productName = Greenwich;
			productReference = 8BAD1E70146F11CB00E16433 /* Greenwich.framework */;
			productType = "com.apple.product-type.framework";
		};
		8BD5E23214D1E7C80021848F /* Greenwich (iOS) */ = {
			isa = PBXNativeTarget;
			buildConfigurationList = 8BD5E23E14D1E7C80021848F /* Build configuration list for PBXNativeTarget "Greenwich (iOS)" */;
			buildPhases = (
				8BD5E22F14D1E7C80021848F /* Sources */,
				8BD5E23014D1E7C80021848F /* Frameworks */,
				8BD5E23114D1E7C80021848F /* Headers */,
			);
			buildRules = (
			);
			dependencies = (
			);
			name = "Greenwich (iOS)";
			productName = "Greenwich (iOS)";
			productReference = 8BD5E23314D1E7C80021848F /* Greenwich.framework */;
			productType = "com.apple.product-type.library.static";
		};
		8F6BF6FE14CA19CD00C25754 /* Proofer */ = {
			isa = PBXNativeTarget;
			buildConfigurationList = 8F6BF71A14CA19CD00C25754 /* Build configuration list for PBXNativeTarget "Proofer" */;
			buildPhases = (
				8F6BF6FB14CA19CD00C25754 /* Sources */,
				8F6BF6FC14CA19CD00C25754 /* Frameworks */,
				8F6BF6FD14CA19CD00C25754 /* Resources */,
				8FC37DE71501740D00817DC5 /* Copy Libarchive */,
			);
			buildRules = (
			);
			dependencies = (
			);
			name = Proofer;
			productName = Proofer;
			productReference = 8F6BF6FF14CA19CD00C25754 /* Proofer.app */;
			productType = "com.apple.product-type.application";
		};
/* End PBXNativeTarget section */

/* Begin PBXProject section */
		8BAD1E54146F114700E16433 /* Project object */ = {
			isa = PBXProject;
			attributes = {
				LastUpgradeCheck = 0430;
			};
			buildConfigurationList = 8BAD1E57146F114700E16433 /* Build configuration list for PBXProject "Greenwich" */;
			compatibilityVersion = "Xcode 3.2";
			developmentRegion = English;
			hasScannedForEncodings = 0;
			knownRegions = (
				en,
				de,
				es,
				fr,
				it,
				ja,
				nl,
				no,
				pt,
			);
			mainGroup = 8BAD1E52146F114700E16433;
			productRefGroup = 8BAD1E71146F11CB00E16433 /* Products */;
			projectDirPath = "";
			projectRoot = "";
			targets = (
				8BAD1E6F146F11CB00E16433 /* Greenwich */,
				8BD5E23214D1E7C80021848F /* Greenwich (iOS) */,
				8B2B99A114D347C400A40CD4 /* Translator */,
				8BB93D4F1474CAA90056EC71 /* Package */,
				8F6BF6FE14CA19CD00C25754 /* Proofer */,
			);
		};
/* End PBXProject section */

/* Begin PBXResourcesBuildPhase section */
		8B2B99A014D347C400A40CD4 /* Resources */ = {
			isa = PBXResourcesBuildPhase;
			buildActionMask = 2147483647;
			files = (
				8B2B99C614D3491D00A40CD4 /* MainMenu.xib in Resources */,
				8B2B99C714D3493500A40CD4 /* Localization.xib in Resources */,
			);
			runOnlyForDeploymentPostprocessing = 0;
		};
		8BAD1E6E146F11CB00E16433 /* Resources */ = {
			isa = PBXResourcesBuildPhase;
			buildActionMask = 2147483647;
			files = (
				8B33C276146F5E6E007C2196 /* Localization.xib in Resources */,
			);
			runOnlyForDeploymentPostprocessing = 0;
		};
		8F6BF6FD14CA19CD00C25754 /* Resources */ = {
			isa = PBXResourcesBuildPhase;
			buildActionMask = 2147483647;
			files = (
				8F6BF71714CA19CD00C25754 /* MainMenu.xib in Resources */,
			);
			runOnlyForDeploymentPostprocessing = 0;
		};
/* End PBXResourcesBuildPhase section */

/* Begin PBXShellScriptBuildPhase section */
		8B0DCF0114702A4100DF8AC3 /* Update & Copy Localizations */ = {
			isa = PBXShellScriptBuildPhase;
			buildActionMask = 2147483647;
			files = (
			);
			inputPaths = (
			);
			name = "Update & Copy Localizations";
			outputPaths = (
			);
			runOnlyForDeploymentPostprocessing = 0;
			shellPath = /bin/sh;
			shellScript = "localization create -r Resources/Mac/";
			showEnvVarsInLog = 0;
		};
		8B11043814FB33AE004D17D7 /* Copy libarchive */ = {
			isa = PBXShellScriptBuildPhase;
			buildActionMask = 2147483647;
			files = (
			);
			inputPaths = (
			);
			name = "Copy libarchive";
			outputPaths = (
			);
			runOnlyForDeploymentPostprocessing = 0;
			shellPath = /bin/sh;
			shellScript = "if [ -n \"${GREENWICH_NEEDS_LIBARCHIVE}\" ]; then\n  mkdir -p \"${BUILT_PRODUCTS_DIR}/${FRAMEWORKS_FOLDER_PATH}\"\n  cp \"External/libarchive/libarchive.dylib\" \"${BUILT_PRODUCTS_DIR}/${FRAMEWORKS_FOLDER_PATH}/libarchive.dylib\"\n  cp \"External/libarchive/libarchive.license\" \"${BUILT_PRODUCTS_DIR}/${FRAMEWORKS_FOLDER_PATH}/libarchive.license\"\nfi";
			showEnvVarsInLog = 0;
		};
		8B554B0214F53F3F00B79877 /* Copy libarchive */ = {
			isa = PBXShellScriptBuildPhase;
			buildActionMask = 2147483647;
			files = (
			);
			inputPaths = (
			);
			name = "Copy libarchive";
			outputPaths = (
			);
			runOnlyForDeploymentPostprocessing = 0;
			shellPath = /bin/sh;
			shellScript = "if [ -n \"${GREENWICH_NEEDS_LIBARCHIVE}\" ]; then\n  mkdir -p \"${BUILT_PRODUCTS_DIR}/${FRAMEWORKS_FOLDER_PATH}\"\n  cp \"External/libarchive/libarchive.dylib\" \"${BUILT_PRODUCTS_DIR}/${FRAMEWORKS_FOLDER_PATH}/libarchive.dylib\"\n  cp \"External/libarchive/libarchive.license\" \"${BUILT_PRODUCTS_DIR}/${FRAMEWORKS_FOLDER_PATH}/libarchive.license\"\nfi";
			showEnvVarsInLog = 0;
		};
		8BB93D561474CACB0056EC71 /* Package */ = {
			isa = PBXShellScriptBuildPhase;
			buildActionMask = 2147483647;
			files = (
			);
			inputPaths = (
			);
			name = Package;
			outputPaths = (
			);
			runOnlyForDeploymentPostprocessing = 0;
			shellPath = /bin/sh;
			shellScript = "../package build";
			showEnvVarsInLog = 0;
		};
/* End PBXShellScriptBuildPhase section */

/* Begin PBXSourcesBuildPhase section */
		8B2B999E14D347C400A40CD4 /* Sources */ = {
			isa = PBXSourcesBuildPhase;
			buildActionMask = 2147483647;
			files = (
				8B2B99C214D3485C00A40CD4 /* FRTranslator.m in Sources */,
				8B2B99C314D3485C00A40CD4 /* main.m in Sources */,
				8B2B99C814D3493500A40CD4 /* FRLocalizationWindowController.m in Sources */,
				8B2B99C914D3493500A40CD4 /* FRTranslationInfo.m in Sources */,
				8B2B99CA14D3493500A40CD4 /* FRUntranslatedCountCell.m in Sources */,
				8BF0440614D35DD9009B9529 /* FRLocalizationBundleAdditions.m in Sources */,
				8BF0440714D35DD9009B9529 /* FRRuntimeAdditions.m in Sources */,
				8BF0440814D35DD9009B9529 /* FRBundleAdditions.m in Sources */,
				8BF0440914D35DD9009B9529 /* FRFileManagerArchivingAdditions.m in Sources */,
				8BF0440A14D35DD9009B9529 /* archiving.c in Sources */,
				8BF0440F14D35F82009B9529 /* FRTranslationContainer.m in Sources */,
				8B18302814D4DF050004ECA5 /* FRStrings.m in Sources */,
				8BEDC06314D5ACCC00529A85 /* FRNetworkClient.m in Sources */,
				8BECC4A814D5F2C400D886DB /* FRConnection.m in Sources */,
				8BECC4AF14D5FEA700D886DB /* FRMessages.m in Sources */,
			);
			runOnlyForDeploymentPostprocessing = 0;
		};
		8BAD1E6B146F11CB00E16433 /* Sources */ = {
			isa = PBXSourcesBuildPhase;
			buildActionMask = 2147483647;
			files = (
				8BAD1EA0146F148400E16433 /* FRLocalizationBundleAdditions.m in Sources */,
				8BAD1EA1146F148500E16433 /* FRLocalizationManager.m in Sources */,
				8BAD1EA3146F148500E16433 /* FRLocalizationWindowController.m in Sources */,
				8BAD1EA4146F148500E16433 /* FRNibAutomaticLocalization.m in Sources */,
				8BAD1EA5146F148500E16433 /* FRTranslationInfo.m in Sources */,
				8BAD1EA6146F148500E16433 /* FRUntranslatedCountCell.m in Sources */,
				8B634D94146F1C9A00BF5058 /* FRBundleAdditions.m in Sources */,
				8B634DC1146F2E0500BF5058 /* FRRuntimeAdditions.m in Sources */,
				8B33C237146F3CDB007C2196 /* FRFileManagerArchivingAdditions.m in Sources */,
				8B33C23A146F3CF4007C2196 /* archiving.c in Sources */,
				8B7356CC14769394000468EF /* FRExtraHelpController.m in Sources */,
				8BF0440E14D35F82009B9529 /* FRTranslationContainer.m in Sources */,
				8B18302614D4DF050004ECA5 /* FRStrings.m in Sources */,
			);
			runOnlyForDeploymentPostprocessing = 0;
		};
		8BD5E22F14D1E7C80021848F /* Sources */ = {
			isa = PBXSourcesBuildPhase;
			buildActionMask = 2147483647;
			files = (
				8BD5E24314D1E93A0021848F /* FRLocalizationBundleAdditions.m in Sources */,
				8BD5E24E14D1EC250021848F /* FRUIAutomaticLocalization.m in Sources */,
				8BD5E33E14D1F7620021848F /* FRRuntimeAdditions.m in Sources */,
				8BD5E34014D1F7620021848F /* FRBundleAdditions.m in Sources */,
				8BD5E34214D1F7620021848F /* FRFileManagerArchivingAdditions.m in Sources */,
				8BD5E34414D1F7620021848F /* archiving.c in Sources */,
				8B182F8714D4B1740004ECA5 /* FRLocalizationManager.m in Sources */,
				8B18302714D4DF050004ECA5 /* FRStrings.m in Sources */,
				8BEDC06614D5ACE700529A85 /* FRNetworkServer.m in Sources */,
				8BECC4A714D5F2C400D886DB /* FRConnection.m in Sources */,
				8BECC4AE14D5FEA700D886DB /* FRMessages.m in Sources */,
			);
			runOnlyForDeploymentPostprocessing = 0;
		};
		8F6BF6FB14CA19CD00C25754 /* Sources */ = {
			isa = PBXSourcesBuildPhase;
			buildActionMask = 2147483647;
			files = (
				8FFCAADE14CA216200DC40DE /* FRBundleAdditions.m in Sources */,
				8FFCAADC14CA214800DC40DE /* FRRuntimeAdditions.m in Sources */,
				8FFCAAD814CA1F4E00DC40DE /* FRFileManagerArchivingAdditions.m in Sources */,
				8FC37DE415016C9100817DC5 /* archiving.c in Sources */,
				8F6BF70D14CA19CD00C25754 /* main.m in Sources */,
				8F6BF71414CA19CD00C25754 /* AppDelegate.m in Sources */,
				8F1E4D7214D35B2F009A891A /* FRProofer.m in Sources */,
				8FC50D0014D3617D00A9E845 /* FRTranslator.m in Sources */,
				8FC50D0514D3641100A9E845 /* FRSingleNodeParsingDelegate.m in Sources */,
				8F0AE78314E5D3E70095C794 /* FRTranslateArrayResultParsingDelegate.m in Sources */,
			);
			runOnlyForDeploymentPostprocessing = 0;
		};
/* End PBXSourcesBuildPhase section */

/* Begin PBXTargetDependency section */
		8BB93D551474CAC00056EC71 /* PBXTargetDependency */ = {
			isa = PBXTargetDependency;
			target = 8BAD1E6F146F11CB00E16433 /* Greenwich */;
			targetProxy = 8BB93D541474CAC00056EC71 /* PBXContainerItemProxy */;
		};
/* End PBXTargetDependency section */

/* Begin PBXVariantGroup section */
		8F6BF71514CA19CD00C25754 /* MainMenu.xib */ = {
			isa = PBXVariantGroup;
			children = (
				8F6BF71614CA19CD00C25754 /* en */,
			);
			name = MainMenu.xib;
			sourceTree = "<group>";
		};
/* End PBXVariantGroup section */

/* Begin XCBuildConfiguration section */
		8B2B99BB14D347C500A40CD4 /* Debug */ = {
			isa = XCBuildConfiguration;
			baseConfigurationReference = 8BAD1EB3146F159C00E16433 /* Base.xcconfig */;
			buildSettings = {
				GCC_PREFIX_HEADER = Source/Greenwich.pch;
				HEADER_SEARCH_PATHS = (
					"$(inherited)",
					External/libarchive,
				);
				INFOPLIST_FILE = Info/Translator.plist;
				OTHER_LDFLAGS = (
					"$(inherited)",
					"$(GREENWICH_OTHER_LDFLAGS)",
				);
				PRODUCT_NAME = "Greenwich Translator";
			};
			name = Debug;
		};
		8B2B99BC14D347C500A40CD4 /* Release */ = {
			isa = XCBuildConfiguration;
			baseConfigurationReference = 8BAD1EB3146F159C00E16433 /* Base.xcconfig */;
			buildSettings = {
				GCC_PREFIX_HEADER = Source/Greenwich.pch;
				HEADER_SEARCH_PATHS = (
					"$(inherited)",
					External/libarchive,
				);
				INFOPLIST_FILE = Info/Translator.plist;
				OTHER_LDFLAGS = (
					"$(inherited)",
					"$(GREENWICH_OTHER_LDFLAGS)",
				);
				PRODUCT_NAME = "Greenwich Translator";
			};
			name = Release;
		};
		8BAD1E59146F114700E16433 /* Debug */ = {
			isa = XCBuildConfiguration;
			baseConfigurationReference = 8BAD1EB1146F158E00E16433 /* Project.debug.xcconfig */;
			buildSettings = {
				FR_FRAMEWORKS_DIR = "$(PROJECT_DIR)/..";
				PATH = "$(SRCROOT)/Scripts:$(PATH)";
				SYMROOT = ../build;
			};
			name = Debug;
		};
		8BAD1E5A146F114700E16433 /* Release */ = {
			isa = XCBuildConfiguration;
			baseConfigurationReference = 8BAD1EB2146F158E00E16433 /* Project.release.xcconfig */;
			buildSettings = {
				FR_FRAMEWORKS_DIR = "$(PROJECT_DIR)/..";
				PATH = "$(SRCROOT)/Scripts:$(PATH)";
				SYMROOT = ../build;
			};
			name = Release;
		};
		8BAD1E83146F11CC00E16433 /* Debug */ = {
			isa = XCBuildConfiguration;
			baseConfigurationReference = 8BAD1EB4146F159C00E16433 /* Framework.xcconfig */;
			buildSettings = {
				DYLIB_COMPATIBILITY_VERSION = 1;
				DYLIB_CURRENT_VERSION = 1;
				FRAMEWORK_VERSION = A;
				GCC_PREFIX_HEADER = Source/Greenwich.pch;
				HEADER_SEARCH_PATHS = (
					"$(inherited)",
					External/libarchive,
				);
				INFOPLIST_FILE = Info/Localization.plist;
				OTHER_CFLAGS = (
					"$(inherited)",
					"$(GREENWICH_OTHER_CFLAGS)",
				);
				OTHER_LDFLAGS = (
					"$(inherited)",
					"$(GREENWICH_OTHER_LDFLAGS)",
				);
				PRODUCT_NAME = "$(TARGET_NAME)";
			};
			name = Debug;
		};
		8BAD1E84146F11CC00E16433 /* Release */ = {
			isa = XCBuildConfiguration;
			baseConfigurationReference = 8BAD1EB4146F159C00E16433 /* Framework.xcconfig */;
			buildSettings = {
				DYLIB_COMPATIBILITY_VERSION = 1;
				DYLIB_CURRENT_VERSION = 1;
				FRAMEWORK_VERSION = A;
				GCC_PREFIX_HEADER = Source/Greenwich.pch;
				HEADER_SEARCH_PATHS = (
					"$(inherited)",
					External/libarchive,
				);
				INFOPLIST_FILE = Info/Localization.plist;
				OTHER_CFLAGS = (
					"$(inherited)",
					"$(GREENWICH_OTHER_CFLAGS)",
				);
				OTHER_LDFLAGS = (
					"$(inherited)",
					"$(GREENWICH_OTHER_LDFLAGS)",
				);
				PRODUCT_NAME = "$(TARGET_NAME)";
			};
			name = Release;
		};
		8BB93D501474CAA90056EC71 /* Debug */ = {
			isa = XCBuildConfiguration;
			buildSettings = {
				PRODUCT_NAME = "$(TARGET_NAME)";
			};
			name = Debug;
		};
		8BB93D511474CAA90056EC71 /* Release */ = {
			isa = XCBuildConfiguration;
			buildSettings = {
				PRODUCT_NAME = "$(TARGET_NAME)";
			};
			name = Release;
		};
		8BD5E23C14D1E7C80021848F /* Debug */ = {
			isa = XCBuildConfiguration;
			baseConfigurationReference = 8BD5E24514D1E9EF0021848F /* Library.xcconfig */;
			buildSettings = {
				GCC_PREFIX_HEADER = Source/Greenwich.pch;
				HEADER_SEARCH_PATHS = (
					"$(inherited)",
					External/libarchive,
				);
				INFOPLIST_FILE = Info/Localization.plist;
				PRODUCT_NAME = Greenwich;
			};
			name = Debug;
		};
		8BD5E23D14D1E7C80021848F /* Release */ = {
			isa = XCBuildConfiguration;
			baseConfigurationReference = 8BD5E24514D1E9EF0021848F /* Library.xcconfig */;
			buildSettings = {
				GCC_PREFIX_HEADER = Source/Greenwich.pch;
				HEADER_SEARCH_PATHS = (
					"$(inherited)",
					External/libarchive,
				);
				INFOPLIST_FILE = "Proofer/Proofer-Info.plist";
				OTHER_CFLAGS = (
					"$(inherited)",
					"$(GREENWICH_OTHER_CFLAGS)",
				);
				OTHER_LDFLAGS = (
					"$(inherited)",
					"$(GREENWICH_OTHER_LDFLAGS)",
				);
				PRODUCT_NAME = "$(TARGET_NAME)";
			};
			name = Release;
		};
		8F6BF71814CA19CD00C25754 /* Debug */ = {
			isa = XCBuildConfiguration;
			baseConfigurationReference = 8BAD1EB3146F159C00E16433 /* Base.xcconfig */;
			buildSettings = {
				CLANG_ENABLE_OBJC_ARC = YES;
				DYLIB_COMPATIBILITY_VERSION = 1;
				DYLIB_CURRENT_VERSION = 1;
				GCC_ENABLE_OBJC_GC = unsupported;
				GCC_PREFIX_HEADER = Source/Greenwich.pch;
				HEADER_SEARCH_PATHS = (
					"$(inherited)",
					External/libarchive,
				);
				INFOPLIST_FILE = "Proofer/Proofer-Info.plist";
				OTHER_CFLAGS = (
					"$(inherited)",
					"$(GREENWICH_OTHER_CFLAGS)",
				);
				OTHER_LDFLAGS = (
					"$(inherited)",
					"$(GREENWICH_OTHER_LDFLAGS)",
				);
				PRODUCT_NAME = "$(TARGET_NAME)";
			};
			name = Debug;
		};
		8F6BF71914CA19CD00C25754 /* Release */ = {
			isa = XCBuildConfiguration;
			baseConfigurationReference = 8BAD1EB3146F159C00E16433 /* Base.xcconfig */;
			buildSettings = {
				CLANG_ENABLE_OBJC_ARC = YES;
				DYLIB_COMPATIBILITY_VERSION = 1;
				DYLIB_CURRENT_VERSION = 1;
				GCC_ENABLE_OBJC_GC = unsupported;
				GCC_PREFIX_HEADER = Source/Greenwich.pch;
				HEADER_SEARCH_PATHS = (
					"$(inherited)",
					External/libarchive,
				);
				INFOPLIST_FILE = "Proofer/Proofer-Info.plist";
				OTHER_CFLAGS = (
					"$(inherited)",
					"$(GREENWICH_OTHER_CFLAGS)",
				);
				OTHER_LDFLAGS = (
					"$(inherited)",
					"$(GREENWICH_OTHER_LDFLAGS)",
				);
				PRODUCT_NAME = "$(TARGET_NAME)";
			};
			name = Release;
		};
/* End XCBuildConfiguration section */

/* Begin XCConfigurationList section */
		8B2B99BD14D347C500A40CD4 /* Build configuration list for PBXNativeTarget "Translator" */ = {
			isa = XCConfigurationList;
			buildConfigurations = (
				8B2B99BB14D347C500A40CD4 /* Debug */,
				8B2B99BC14D347C500A40CD4 /* Release */,
			);
			defaultConfigurationIsVisible = 0;
			defaultConfigurationName = Release;
		};
		8BAD1E57146F114700E16433 /* Build configuration list for PBXProject "Greenwich" */ = {
			isa = XCConfigurationList;
			buildConfigurations = (
				8BAD1E59146F114700E16433 /* Debug */,
				8BAD1E5A146F114700E16433 /* Release */,
			);
			defaultConfigurationIsVisible = 0;
			defaultConfigurationName = Release;
		};
		8BAD1E85146F11CC00E16433 /* Build configuration list for PBXNativeTarget "Greenwich" */ = {
			isa = XCConfigurationList;
			buildConfigurations = (
				8BAD1E83146F11CC00E16433 /* Debug */,
				8BAD1E84146F11CC00E16433 /* Release */,
			);
			defaultConfigurationIsVisible = 0;
			defaultConfigurationName = Release;
		};
		8BB93D521474CAA90056EC71 /* Build configuration list for PBXAggregateTarget "Package" */ = {
			isa = XCConfigurationList;
			buildConfigurations = (
				8BB93D501474CAA90056EC71 /* Debug */,
				8BB93D511474CAA90056EC71 /* Release */,
			);
			defaultConfigurationIsVisible = 0;
			defaultConfigurationName = Release;
		};
		8BD5E23E14D1E7C80021848F /* Build configuration list for PBXNativeTarget "Greenwich (iOS)" */ = {
			isa = XCConfigurationList;
			buildConfigurations = (
				8BD5E23C14D1E7C80021848F /* Debug */,
				8BD5E23D14D1E7C80021848F /* Release */,
			);
			defaultConfigurationIsVisible = 0;
			defaultConfigurationName = Release;
		};
		8F6BF71A14CA19CD00C25754 /* Build configuration list for PBXNativeTarget "Proofer" */ = {
			isa = XCConfigurationList;
			buildConfigurations = (
				8F6BF71814CA19CD00C25754 /* Debug */,
				8F6BF71914CA19CD00C25754 /* Release */,
			);
			defaultConfigurationIsVisible = 0;
			defaultConfigurationName = Release;
		};
/* End XCConfigurationList section */
	};
	rootObject = 8BAD1E54146F114700E16433 /* Project object */;
}
